{
  "originHash" : "96ad58e261e5bc4203ff37272f879583698fc9eb3d198f2806ca57291c4e635e",
  "pins" : [
    {
      "identity" : "silentmoondata",
      "kind" : "remoteSourceControl",
      "location" : "https://github.com/kerimovq5-blip/SilentMoonData",
      "state" : {
        "branch" : "main",
        "revision" : "37807cc58054fc4ec3b4ce126cd0283dff0eec2d"
      }
    },
    {
      "identity" : "silentmoondomain",
      "kind" : "remoteSourceControl",
      "location" : "https://github.com/kerimovq5-blip/SilentMoonDomain",
      "state" : {
        "branch" : "main",
        "revision" : "ed86794bb09adf79f16a316b031cf650ce3a244b"
      }
    },
    {
      "identity" : "silentmoonnetwork",
      "kind" : "remoteSourceControl",
      "location" : "https://github.com/kerimovq5-blip/SilentMoonNetwork",
      "state" : {
        "branch" : "main",
        "revision" : "f626055bbd7490a28829b5e50901180ace7f11d1"
      }
    }
  ],
  "version" : 3
}
