{
  "originHash" : "96ad58e261e5bc4203ff37272f879583698fc9eb3d198f2806ca57291c4e635e",
  "pins" : [
    {
      "identity" : "silentmoondata",
      "kind" : "remoteSourceControl",
      "location" : "https://github.com/kerimovq5-blip/SilentMoonData",
      "state" : {
        "branch" : "main",
        "revision" : "798d9f2c143752dce1be9070675b94d3e0927698"
      }
    },
    {
      "identity" : "silentmoondomain",
      "kind" : "remoteSourceControl",
      "location" : "https://github.com/kerimovq5-blip/SilentMoonDomain",
      "state" : {
        "branch" : "main",
        "revision" : "0b98f5b5ea89512ca52cf0fddf94a3f7b69d1838"
      }
    },
    {
      "identity" : "silentmoonnetwork",
      "kind" : "remoteSourceControl",
      "location" : "https://github.com/kerimovq5-blip/SilentMoonNetwork",
      "state" : {
        "branch" : "main",
        "revision" : "24f7f02657e242c7120a7e0d39f146febcac3cf8"
      }
    }
  ],
  "version" : 3
}
